{
  "name": "smockron-master",
  "version": "0.0.1",
  "dependencies": {
    "zmq": {
      "version": "2.5.1",
      "from": "zmq@2.5.x",
      "dependencies": {
        "set-immediate": {
          "version": "0.1.1",
          "from": "set-immediate@*"
        }
      }
    },
    "then-redis": {
      "version": "0.3.10",
      "from": "then-redis@0.3.x",
      "resolved": "https://registry.npmjs.org/then-redis/-/then-redis-0.3.10.tgz",
      "dependencies": {
        "hiredis": {
          "version": "0.1.16",
          "from": "hiredis@0.1.16",
          "resolved": "https://registry.npmjs.org/hiredis/-/hiredis-0.1.16.tgz",
          "dependencies": {
            "bindings": {
              "version": "1.1.1",
              "from": "bindings@*"
            }
          }
        }
      }
    },
    "when": {
      "version": "2.7.1",
      "from": "when@2.x",
      "resolved": "https://registry.npmjs.org/when/-/when-2.7.1.tgz"
    },
    "config": {
      "version": "0.4.35",
      "from": "config@0.4.x",
      "resolved": "https://registry.npmjs.org/config/-/config-0.4.35.tgz"
    },
    "yaml": {
      "version": "0.2.3",
      "from": "yaml@0.2.x"
    },
    "node-statsd": {
      "version": "0.0.7",
      "from": "node-statsd@0.0.x",
      "resolved": "https://registry.npmjs.org/node-statsd/-/node-statsd-0.0.7.tgz"
    }
  }
}
